
Microsoft Visual Studio Solution File, Format Version 12.00
# Visual Studio Version 17
VisualStudioVersion = 17.5.002.0
MinimumVisualStudioVersion = 10.0.40219.1
Project("{9A19103F-16F7-4668-BE54-9A1E7A4F7556}") = "proppy-app-dotnet", "proppy-app-dotnet.csproj", "{92DC773B-0E43-49C6-B521-4779FC7C0221}"
EndProject
Global
	GlobalSection(SolutionConfigurationPlatforms) = preSolution
		Debug|Any CPU = Debug|Any CPU
		Release|Any CPU = Release|Any CPU
	EndGlobalSection
	GlobalSection(ProjectConfigurationPlatforms) = postSolution
		{92DC773B-0E43-49C6-B521-4779FC7C0221}.Debug|Any CPU.ActiveCfg = Debug|Any CPU
		{92DC773B-0E43-49C6-B521-4779FC7C0221}.Debug|Any CPU.Build.0 = Debug|Any CPU
		{92DC773B-0E43-49C6-B521-4779FC7C0221}.Release|Any CPU.ActiveCfg = Release|Any CPU
		{92DC773B-0E43-49C6-B521-4779FC7C0221}.Release|Any CPU.Build.0 = Release|Any CPU
	EndGlobalSection
	GlobalSection(SolutionProperties) = preSolution
		HideSolutionNode = FALSE
	EndGlobalSection
	GlobalSection(ExtensibilityGlobals) = postSolution
		SolutionGuid = {283B153D-460B-46AF-B98A-EF7E3E6E8BFB}
	EndGlobalSection
EndGlobal
